
Microsoft Visual Studio Solution File, Format Version 12.00
# Visual Studio Version 16
VisualStudioVersion = 16.0.32002.261
MinimumVisualStudioVersion = 10.0.40219.1
Project("{9A19103F-16F7-4668-BE54-9A1E7A4F7556}") = "VoiceEngine.API", "VideoChat.API\VoiceEngine.API.csproj", "{2BAACA95-25A1-4CAF-9AD1-3A015C35FC5F}"
EndProject
Project("{2150E333-8FDC-42A3-9474-1A3956D46DE8}") = "Presentation", "Presentation", "{A02B0B27-797F-4619-AA80-CE0E62AC4A61}"
EndProject
Project("{2150E333-8FDC-42A3-9474-1A3956D46DE8}") = "Application", "Application", "{33BED9FA-B9B2-49A0-8BFB-5F50BB92FD39}"
EndProject
Project("{2150E333-8FDC-42A3-9474-1A3956D46DE8}") = "Shared", "Shared", "{3BCD35F2-290C-4456-946E-EB7AD3ED6EDA}"
EndProject
Project("{2150E333-8FDC-42A3-9474-1A3956D46DE8}") = "Audio", "Audio", "{04F2DF51-FD95-496F-ACBE-C2BA5D01B283}"
EndProject
Project("{2150E333-8FDC-42A3-9474-1A3956D46DE8}") = "Multimedia", "Multimedia", "{CE173016-BE67-4F0A-8E42-BF5B13969C35}"
EndProject
Project("{2150E333-8FDC-42A3-9474-1A3956D46DE8}") = "Infrastructure", "Infrastructure", "{6459BDBA-4348-41A5-933F-1CCDCC375AF1}"
EndProject
Project("{2150E333-8FDC-42A3-9474-1A3956D46DE8}") = "Codecs", "Codecs", "{343C47DF-C380-4BDB-A8C3-2FE308CAC061}"
EndProject
Project("{9A19103F-16F7-4668-BE54-9A1E7A4F7556}") = "VoiceEngine.Abstractions", "VideoChat.Core\VoiceEngine.Abstractions.csproj", "{DC435A66-861C-458C-9712-73DD3EE1C02D}"
EndProject
Project("{9A19103F-16F7-4668-BE54-9A1E7A4F7556}") = "Multimedia.Audio.Desktop", "Multimedia.Audio.Desktop\Multimedia.Audio.Desktop.csproj", "{9C2EF19F-D597-4522-86DF-1CD144ACC194}"
EndProject
Project("{9A19103F-16F7-4668-BE54-9A1E7A4F7556}") = "VoiceEngine.Network", "Networking\VoiceEngine.Network.csproj", "{12B48C3D-D299-4F1C-8EEA-5DEFA1933BBB}"
EndProject
Project("{9A19103F-16F7-4668-BE54-9A1E7A4F7556}") = "VoiceChat.Desktop", "VoiceChat.Desktop\VoiceChat.Desktop.csproj", "{E7EE8F6E-77BF-4C9F-99B7-F479B289A2C9}"
EndProject
Project("{9A19103F-16F7-4668-BE54-9A1E7A4F7556}") = "OpusWrapper", "RNNoiseWrapper\OpusWrapper.csproj", "{BC676570-70CF-4432-B584-5558D0D8C1BF}"
EndProject
Project("{8BC9CEB8-8B4A-11D0-8D11-00A0C91BC942}") = "SpeexPreprocessor", "SpeexPreprocessor\SpeexPreprocessor.vcxproj", "{72023C24-E520-42B1-8DBF-438CBFCA0D02}"
EndProject
Project("{FAE04EC0-301F-11D3-BF4B-00C04F79EFBC}") = "VoiceEngine.Network.Abstractions", "VoiceEngine.Networking.Abstractions\VoiceEngine.Network.Abstractions.csproj", "{37999109-6688-423D-A8BD-E5971AB84F7E}"
EndProject
Global
	GlobalSection(SolutionConfigurationPlatforms) = preSolution
		Debug|Any CPU = Debug|Any CPU
		Debug|x64 = Debug|x64
		Debug|x86 = Debug|x86
		Release|Any CPU = Release|Any CPU
		Release|x64 = Release|x64
		Release|x86 = Release|x86
	EndGlobalSection
	GlobalSection(ProjectConfigurationPlatforms) = postSolution
		{2BAACA95-25A1-4CAF-9AD1-3A015C35FC5F}.Debug|Any CPU.ActiveCfg = Debug|Any CPU
		{2BAACA95-25A1-4CAF-9AD1-3A015C35FC5F}.Debug|Any CPU.Build.0 = Debug|Any CPU
		{2BAACA95-25A1-4CAF-9AD1-3A015C35FC5F}.Debug|x64.ActiveCfg = Debug|Any CPU
		{2BAACA95-25A1-4CAF-9AD1-3A015C35FC5F}.Debug|x64.Build.0 = Debug|Any CPU
		{2BAACA95-25A1-4CAF-9AD1-3A015C35FC5F}.Debug|x86.ActiveCfg = Debug|Any CPU
		{2BAACA95-25A1-4CAF-9AD1-3A015C35FC5F}.Debug|x86.Build.0 = Debug|Any CPU
		{2BAACA95-25A1-4CAF-9AD1-3A015C35FC5F}.Release|Any CPU.ActiveCfg = Release|Any CPU
		{2BAACA95-25A1-4CAF-9AD1-3A015C35FC5F}.Release|Any CPU.Build.0 = Release|Any CPU
		{2BAACA95-25A1-4CAF-9AD1-3A015C35FC5F}.Release|x64.ActiveCfg = Release|Any CPU
		{2BAACA95-25A1-4CAF-9AD1-3A015C35FC5F}.Release|x64.Build.0 = Release|Any CPU
		{2BAACA95-25A1-4CAF-9AD1-3A015C35FC5F}.Release|x86.ActiveCfg = Release|Any CPU
		{2BAACA95-25A1-4CAF-9AD1-3A015C35FC5F}.Release|x86.Build.0 = Release|Any CPU
		{DC435A66-861C-458C-9712-73DD3EE1C02D}.Debug|Any CPU.ActiveCfg = Debug|Any CPU
		{DC435A66-861C-458C-9712-73DD3EE1C02D}.Debug|Any CPU.Build.0 = Debug|Any CPU
		{DC435A66-861C-458C-9712-73DD3EE1C02D}.Debug|x64.ActiveCfg = Debug|Any CPU
		{DC435A66-861C-458C-9712-73DD3EE1C02D}.Debug|x64.Build.0 = Debug|Any CPU
		{DC435A66-861C-458C-9712-73DD3EE1C02D}.Debug|x86.ActiveCfg = Debug|Any CPU
		{DC435A66-861C-458C-9712-73DD3EE1C02D}.Debug|x86.Build.0 = Debug|Any CPU
		{DC435A66-861C-458C-9712-73DD3EE1C02D}.Release|Any CPU.ActiveCfg = Release|Any CPU
		{DC435A66-861C-458C-9712-73DD3EE1C02D}.Release|Any CPU.Build.0 = Release|Any CPU
		{DC435A66-861C-458C-9712-73DD3EE1C02D}.Release|x64.ActiveCfg = Release|Any CPU
		{DC435A66-861C-458C-9712-73DD3EE1C02D}.Release|x64.Build.0 = Release|Any CPU
		{DC435A66-861C-458C-9712-73DD3EE1C02D}.Release|x86.ActiveCfg = Release|Any CPU
		{DC435A66-861C-458C-9712-73DD3EE1C02D}.Release|x86.Build.0 = Release|Any CPU
		{9C2EF19F-D597-4522-86DF-1CD144ACC194}.Debug|Any CPU.ActiveCfg = Debug|Any CPU
		{9C2EF19F-D597-4522-86DF-1CD144ACC194}.Debug|Any CPU.Build.0 = Debug|Any CPU
		{9C2EF19F-D597-4522-86DF-1CD144ACC194}.Debug|x64.ActiveCfg = Debug|Any CPU
		{9C2EF19F-D597-4522-86DF-1CD144ACC194}.Debug|x64.Build.0 = Debug|Any CPU
		{9C2EF19F-D597-4522-86DF-1CD144ACC194}.Debug|x86.ActiveCfg = Debug|Any CPU
		{9C2EF19F-D597-4522-86DF-1CD144ACC194}.Debug|x86.Build.0 = Debug|Any CPU
		{9C2EF19F-D597-4522-86DF-1CD144ACC194}.Release|Any CPU.ActiveCfg = Release|Any CPU
		{9C2EF19F-D597-4522-86DF-1CD144ACC194}.Release|Any CPU.Build.0 = Release|Any CPU
		{9C2EF19F-D597-4522-86DF-1CD144ACC194}.Release|x64.ActiveCfg = Release|Any CPU
		{9C2EF19F-D597-4522-86DF-1CD144ACC194}.Release|x64.Build.0 = Release|Any CPU
		{9C2EF19F-D597-4522-86DF-1CD144ACC194}.Release|x86.ActiveCfg = Release|Any CPU
		{9C2EF19F-D597-4522-86DF-1CD144ACC194}.Release|x86.Build.0 = Release|Any CPU
		{12B48C3D-D299-4F1C-8EEA-5DEFA1933BBB}.Debug|Any CPU.ActiveCfg = Debug|Any CPU
		{12B48C3D-D299-4F1C-8EEA-5DEFA1933BBB}.Debug|Any CPU.Build.0 = Debug|Any CPU
		{12B48C3D-D299-4F1C-8EEA-5DEFA1933BBB}.Debug|x64.ActiveCfg = Debug|Any CPU
		{12B48C3D-D299-4F1C-8EEA-5DEFA1933BBB}.Debug|x64.Build.0 = Debug|Any CPU
		{12B48C3D-D299-4F1C-8EEA-5DEFA1933BBB}.Debug|x86.ActiveCfg = Debug|Any CPU
		{12B48C3D-D299-4F1C-8EEA-5DEFA1933BBB}.Debug|x86.Build.0 = Debug|Any CPU
		{12B48C3D-D299-4F1C-8EEA-5DEFA1933BBB}.Release|Any CPU.ActiveCfg = Release|Any CPU
		{12B48C3D-D299-4F1C-8EEA-5DEFA1933BBB}.Release|Any CPU.Build.0 = Release|Any CPU
		{12B48C3D-D299-4F1C-8EEA-5DEFA1933BBB}.Release|x64.ActiveCfg = Release|Any CPU
		{12B48C3D-D299-4F1C-8EEA-5DEFA1933BBB}.Release|x64.Build.0 = Release|Any CPU
		{12B48C3D-D299-4F1C-8EEA-5DEFA1933BBB}.Release|x86.ActiveCfg = Release|Any CPU
		{12B48C3D-D299-4F1C-8EEA-5DEFA1933BBB}.Release|x86.Build.0 = Release|Any CPU
		{E7EE8F6E-77BF-4C9F-99B7-F479B289A2C9}.Debug|Any CPU.ActiveCfg = Debug|Any CPU
		{E7EE8F6E-77BF-4C9F-99B7-F479B289A2C9}.Debug|Any CPU.Build.0 = Debug|Any CPU
		{E7EE8F6E-77BF-4C9F-99B7-F479B289A2C9}.Debug|x64.ActiveCfg = Debug|Any CPU
		{E7EE8F6E-77BF-4C9F-99B7-F479B289A2C9}.Debug|x64.Build.0 = Debug|Any CPU
		{E7EE8F6E-77BF-4C9F-99B7-F479B289A2C9}.Debug|x86.ActiveCfg = Debug|Any CPU
		{E7EE8F6E-77BF-4C9F-99B7-F479B289A2C9}.Debug|x86.Build.0 = Debug|Any CPU
		{E7EE8F6E-77BF-4C9F-99B7-F479B289A2C9}.Release|Any CPU.ActiveCfg = Release|Any CPU
		{E7EE8F6E-77BF-4C9F-99B7-F479B289A2C9}.Release|Any CPU.Build.0 = Release|Any CPU
		{E7EE8F6E-77BF-4C9F-99B7-F479B289A2C9}.Release|x64.ActiveCfg = Release|Any CPU
		{E7EE8F6E-77BF-4C9F-99B7-F479B289A2C9}.Release|x64.Build.0 = Release|Any CPU
		{E7EE8F6E-77BF-4C9F-99B7-F479B289A2C9}.Release|x86.ActiveCfg = Release|Any CPU
		{E7EE8F6E-77BF-4C9F-99B7-F479B289A2C9}.Release|x86.Build.0 = Release|Any CPU
		{BC676570-70CF-4432-B584-5558D0D8C1BF}.Debug|Any CPU.ActiveCfg = Debug|Any CPU
		{BC676570-70CF-4432-B584-5558D0D8C1BF}.Debug|Any CPU.Build.0 = Debug|Any CPU
		{BC676570-70CF-4432-B584-5558D0D8C1BF}.Debug|x64.ActiveCfg = Debug|Any CPU
		{BC676570-70CF-4432-B584-5558D0D8C1BF}.Debug|x64.Build.0 = Debug|Any CPU
		{BC676570-70CF-4432-B584-5558D0D8C1BF}.Debug|x86.ActiveCfg = Debug|Any CPU
		{BC676570-70CF-4432-B584-5558D0D8C1BF}.Debug|x86.Build.0 = Debug|Any CPU
		{BC676570-70CF-4432-B584-5558D0D8C1BF}.Release|Any CPU.ActiveCfg = Release|Any CPU
		{BC676570-70CF-4432-B584-5558D0D8C1BF}.Release|Any CPU.Build.0 = Release|Any CPU
		{BC676570-70CF-4432-B584-5558D0D8C1BF}.Release|x64.ActiveCfg = Release|Any CPU
		{BC676570-70CF-4432-B584-5558D0D8C1BF}.Release|x64.Build.0 = Release|Any CPU
		{BC676570-70CF-4432-B584-5558D0D8C1BF}.Release|x86.ActiveCfg = Release|Any CPU
		{BC676570-70CF-4432-B584-5558D0D8C1BF}.Release|x86.Build.0 = Release|Any CPU
		{72023C24-E520-42B1-8DBF-438CBFCA0D02}.Debug|Any CPU.ActiveCfg = Debug|x64
		{72023C24-E520-42B1-8DBF-438CBFCA0D02}.Debug|Any CPU.Build.0 = Debug|x64
		{72023C24-E520-42B1-8DBF-438CBFCA0D02}.Debug|x64.ActiveCfg = Debug|x64
		{72023C24-E520-42B1-8DBF-438CBFCA0D02}.Debug|x64.Build.0 = Debug|x64
		{72023C24-E520-42B1-8DBF-438CBFCA0D02}.Debug|x86.ActiveCfg = Debug|Win32
		{72023C24-E520-42B1-8DBF-438CBFCA0D02}.Debug|x86.Build.0 = Debug|Win32
		{72023C24-E520-42B1-8DBF-438CBFCA0D02}.Release|Any CPU.ActiveCfg = Release|Win32
		{72023C24-E520-42B1-8DBF-438CBFCA0D02}.Release|x64.ActiveCfg = Release|x64
		{72023C24-E520-42B1-8DBF-438CBFCA0D02}.Release|x64.Build.0 = Release|x64
		{72023C24-E520-42B1-8DBF-438CBFCA0D02}.Release|x86.ActiveCfg = Release|Win32
		{72023C24-E520-42B1-8DBF-438CBFCA0D02}.Release|x86.Build.0 = Release|Win32
		{37999109-6688-423D-A8BD-E5971AB84F7E}.Debug|Any CPU.ActiveCfg = Debug|Any CPU
		{37999109-6688-423D-A8BD-E5971AB84F7E}.Debug|Any CPU.Build.0 = Debug|Any CPU
		{37999109-6688-423D-A8BD-E5971AB84F7E}.Debug|x64.ActiveCfg = Debug|Any CPU
		{37999109-6688-423D-A8BD-E5971AB84F7E}.Debug|x64.Build.0 = Debug|Any CPU
		{37999109-6688-423D-A8BD-E5971AB84F7E}.Debug|x86.ActiveCfg = Debug|Any CPU
		{37999109-6688-423D-A8BD-E5971AB84F7E}.Debug|x86.Build.0 = Debug|Any CPU
		{37999109-6688-423D-A8BD-E5971AB84F7E}.Release|Any CPU.ActiveCfg = Release|Any CPU
		{37999109-6688-423D-A8BD-E5971AB84F7E}.Release|Any CPU.Build.0 = Release|Any CPU
		{37999109-6688-423D-A8BD-E5971AB84F7E}.Release|x64.ActiveCfg = Release|Any CPU
		{37999109-6688-423D-A8BD-E5971AB84F7E}.Release|x64.Build.0 = Release|Any CPU
		{37999109-6688-423D-A8BD-E5971AB84F7E}.Release|x86.ActiveCfg = Release|Any CPU
		{37999109-6688-423D-A8BD-E5971AB84F7E}.Release|x86.Build.0 = Release|Any CPU
	EndGlobalSection
	GlobalSection(SolutionProperties) = preSolution
		HideSolutionNode = FALSE
	EndGlobalSection
	GlobalSection(NestedProjects) = preSolution
		{2BAACA95-25A1-4CAF-9AD1-3A015C35FC5F} = {33BED9FA-B9B2-49A0-8BFB-5F50BB92FD39}
		{04F2DF51-FD95-496F-ACBE-C2BA5D01B283} = {CE173016-BE67-4F0A-8E42-BF5B13969C35}
		{343C47DF-C380-4BDB-A8C3-2FE308CAC061} = {04F2DF51-FD95-496F-ACBE-C2BA5D01B283}
		{DC435A66-861C-458C-9712-73DD3EE1C02D} = {3BCD35F2-290C-4456-946E-EB7AD3ED6EDA}
		{9C2EF19F-D597-4522-86DF-1CD144ACC194} = {04F2DF51-FD95-496F-ACBE-C2BA5D01B283}
		{12B48C3D-D299-4F1C-8EEA-5DEFA1933BBB} = {6459BDBA-4348-41A5-933F-1CCDCC375AF1}
		{E7EE8F6E-77BF-4C9F-99B7-F479B289A2C9} = {A02B0B27-797F-4619-AA80-CE0E62AC4A61}
		{BC676570-70CF-4432-B584-5558D0D8C1BF} = {343C47DF-C380-4BDB-A8C3-2FE308CAC061}
		{72023C24-E520-42B1-8DBF-438CBFCA0D02} = {343C47DF-C380-4BDB-A8C3-2FE308CAC061}
		{37999109-6688-423D-A8BD-E5971AB84F7E} = {3BCD35F2-290C-4456-946E-EB7AD3ED6EDA}
	EndGlobalSection
	GlobalSection(ExtensibilityGlobals) = postSolution
		SolutionGuid = {4025349E-3C95-45FA-97F8-E6DD65C3EAD5}
	EndGlobalSection
EndGlobal
