
Microsoft Visual Studio Solution File, Format Version 12.00
# Visual Studio Version 16
VisualStudioVersion = 16.0.32002.261
MinimumVisualStudioVersion = 10.0.40219.1
Project("{9A19103F-16F7-4668-BE54-9A1E7A4F7556}") = "VideoChat.API", "VideoChat.API\VideoChat.API.csproj", "{2BAACA95-25A1-4CAF-9AD1-3A015C35FC5F}"
EndProject
Project("{FAE04EC0-301F-11D3-BF4B-00C04F79EFBC}") = "VideoChat.Desktop", "VideoChat.Desktop\VideoChat.Desktop.csproj", "{59703B80-3F81-4257-B0E9-9B8469AEB465}"
EndProject
Project("{FAE04EC0-301F-11D3-BF4B-00C04F79EFBC}") = "VideoChat.Common", "VideoChat.Common\VideoChat.Common.csproj", "{DD9844F8-9CE2-46D9-9758-0DC1D7D022C0}"
EndProject
Global
	GlobalSection(SolutionConfigurationPlatforms) = preSolution
		Debug|Any CPU = Debug|Any CPU
		Release|Any CPU = Release|Any CPU
	EndGlobalSection
	GlobalSection(ProjectConfigurationPlatforms) = postSolution
		{2BAACA95-25A1-4CAF-9AD1-3A015C35FC5F}.Debug|Any CPU.ActiveCfg = Debug|Any CPU
		{2BAACA95-25A1-4CAF-9AD1-3A015C35FC5F}.Debug|Any CPU.Build.0 = Debug|Any CPU
		{2BAACA95-25A1-4CAF-9AD1-3A015C35FC5F}.Release|Any CPU.ActiveCfg = Release|Any CPU
		{2BAACA95-25A1-4CAF-9AD1-3A015C35FC5F}.Release|Any CPU.Build.0 = Release|Any CPU
		{59703B80-3F81-4257-B0E9-9B8469AEB465}.Debug|Any CPU.ActiveCfg = Debug|Any CPU
		{59703B80-3F81-4257-B0E9-9B8469AEB465}.Debug|Any CPU.Build.0 = Debug|Any CPU
		{59703B80-3F81-4257-B0E9-9B8469AEB465}.Release|Any CPU.ActiveCfg = Release|Any CPU
		{59703B80-3F81-4257-B0E9-9B8469AEB465}.Release|Any CPU.Build.0 = Release|Any CPU
		{DD9844F8-9CE2-46D9-9758-0DC1D7D022C0}.Debug|Any CPU.ActiveCfg = Debug|Any CPU
		{DD9844F8-9CE2-46D9-9758-0DC1D7D022C0}.Debug|Any CPU.Build.0 = Debug|Any CPU
		{DD9844F8-9CE2-46D9-9758-0DC1D7D022C0}.Release|Any CPU.ActiveCfg = Release|Any CPU
		{DD9844F8-9CE2-46D9-9758-0DC1D7D022C0}.Release|Any CPU.Build.0 = Release|Any CPU
	EndGlobalSection
	GlobalSection(SolutionProperties) = preSolution
		HideSolutionNode = FALSE
	EndGlobalSection
	GlobalSection(ExtensibilityGlobals) = postSolution
		SolutionGuid = {4025349E-3C95-45FA-97F8-E6DD65C3EAD5}
	EndGlobalSection
EndGlobal
